// !$*UTF8*$!
{
	archiveVersion = 1;
	classes = {
	};
	objectVersion = 46;
	objects = {

/* Begin PBXBuildFile section */
		8AD119971D9CB69E00E4B8F9 /* AppDelegate.swift in Sources */ = {isa = PBXBuildFile; fileRef = 8AD119961D9CB69E00E4B8F9 /* AppDelegate.swift */; };
		8AD119991D9CB69E00E4B8F9 /* ViewController.swift in Sources */ = {isa = PBXBuildFile; fileRef = 8AD119981D9CB69E00E4B8F9 /* ViewController.swift */; };
		8AD1199C1D9CB69E00E4B8F9 /* Main.storyboard in Resources */ = {isa = PBXBuildFile; fileRef = 8AD1199A1D9CB69E00E4B8F9 /* Main.storyboard */; };
		8AD1199E1D9CB69E00E4B8F9 /* Assets.xcassets in Resources */ = {isa = PBXBuildFile; fileRef = 8AD1199D1D9CB69E00E4B8F9 /* Assets.xcassets */; };
		8AD119A11D9CB69E00E4B8F9 /* LaunchScreen.storyboard in Resources */ = {isa = PBXBuildFile; fileRef = 8AD1199F1D9CB69E00E4B8F9 /* LaunchScreen.storyboard */; };
		8AD119AC1D9CB69E00E4B8F9 /* ContactsDemoTests.swift in Sources */ = {isa = PBXBuildFile; fileRef = 8AD119AB1D9CB69E00E4B8F9 /* ContactsDemoTests.swift */; };
		8AD119B71D9CB69E00E4B8F9 /* ContactsDemoUITests.swift in Sources */ = {isa = PBXBuildFile; fileRef = 8AD119B61D9CB69E00E4B8F9 /* ContactsDemoUITests.swift */; };
/* End PBXBuildFile section */

/* Begin PBXContainerItemProxy section */
		8AD119A81D9CB69E00E4B8F9 /* PBXContainerItemProxy */ = {
			isa = PBXContainerItemProxy;
			containerPortal = 8AD1198B1D9CB69E00E4B8F9 /* Project object */;
			proxyType = 1;
			remoteGlobalIDString = 8AD119921D9CB69E00E4B8F9;
			remoteInfo = ContactsDemo;
		};
		8AD119B31D9CB69E00E4B8F9 /* PBXContainerItemProxy */ = {
			isa = PBXContainerItemProxy;
			containerPortal = 8AD1198B1D9CB69E00E4B8F9 /* Project object */;
			proxyType = 1;
			remoteGlobalIDString = 8AD119921D9CB69E00E4B8F9;
			remoteInfo = ContactsDemo;
		};
/* End PBXContainerItemProxy section */

/* Begin PBXFileReference section */
		8AD119931D9CB69E00E4B8F9 /* ContactsDemo.app */ = {isa = PBXFileReference; explicitFileType = wrapper.application; includeInIndex = 0; path = ContactsDemo.app; sourceTree = BUILT_PRODUCTS_DIR; };
		8AD119961D9CB69E00E4B8F9 /* AppDelegate.swift */ = {isa = PBXFileReference; lastKnownFileType = sourcecode.swift; path = AppDelegate.swift; sourceTree = "<group>"; };
		8AD119981D9CB69E00E4B8F9 /* ViewController.swift */ = {isa = PBXFileReference; lastKnownFileType = sourcecode.swift; path = ViewController.swift; sourceTree = "<group>"; };
		8AD1199B1D9CB69E00E4B8F9 /* Base */ = {isa = PBXFileReference; lastKnownFileType = file.storyboard; name = Base; path = Base.lproj/Main.storyboard; sourceTree = "<group>"; };
		8AD1199D1D9CB69E00E4B8F9 /* Assets.xcassets */ = {isa = PBXFileReference; lastKnownFileType = folder.assetcatalog; path = Assets.xcassets; sourceTree = "<group>"; };
		8AD119A01D9CB69E00E4B8F9 /* Base */ = {isa = PBXFileReference; lastKnownFileType = file.storyboard; name = Base; path = Base.lproj/LaunchScreen.storyboard; sourceTree = "<group>"; };
		8AD119A21D9CB69E00E4B8F9 /* Info.plist */ = {isa = PBXFileReference; lastKnownFileType = text.plist.xml; path = Info.plist; sourceTree = "<group>"; };
		8AD119A71D9CB69E00E4B8F9 /* ContactsDemoTests.xctest */ = {isa = PBXFileReference; explicitFileType = wrapper.cfbundle; includeInIndex = 0; path = ContactsDemoTests.xctest; sourceTree = BUILT_PRODUCTS_DIR; };
		8AD119AB1D9CB69E00E4B8F9 /* ContactsDemoTests.swift */ = {isa = PBXFileReference; lastKnownFileType = sourcecode.swift; path = ContactsDemoTests.swift; sourceTree = "<group>"; };
		8AD119AD1D9CB69E00E4B8F9 /* Info.plist */ = {isa = PBXFileReference; lastKnownFileType = text.plist.xml; path = Info.plist; sourceTree = "<group>"; };
		8AD119B21D9CB69E00E4B8F9 /* ContactsDemoUITests.xctest */ = {isa = PBXFileReference; explicitFileType = wrapper.cfbundle; includeInIndex = 0; path = ContactsDemoUITests.xctest; sourceTree = BUILT_PRODUCTS_DIR; };
		8AD119B61D9CB69E00E4B8F9 /* ContactsDemoUITests.swift */ = {isa = PBXFileReference; lastKnownFileType = sourcecode.swift; path = ContactsDemoUITests.swift; sourceTree = "<group>"; };
		8AD119B81D9CB69E00E4B8F9 /* Info.plist */ = {isa = PBXFileReference; lastKnownFileType = text.plist.xml; path = Info.plist; sourceTree = "<group>"; };
/* End PBXFileReference section */

/* Begin PBXFrameworksBuildPhase section */
		8AD119901D9CB69E00E4B8F9 /* Frameworks */ = {
			isa = PBXFrameworksBuildPhase;
			buildActionMask = 2147483647;
			files = (
			);
			runOnlyForDeploymentPostprocessing = 0;
		};
		8AD119A41D9CB69E00E4B8F9 /* Frameworks */ = {
			isa = PBXFrameworksBuildPhase;
			buildActionMask = 2147483647;
			files = (
			);
			runOnlyForDeploymentPostprocessing = 0;
		};
		8AD119AF1D9CB69E00E4B8F9 /* Frameworks */ = {
			isa = PBXFrameworksBuildPhase;
			buildActionMask = 2147483647;
			files = (
			);
			runOnlyForDeploymentPostprocessing = 0;
		};
/* End PBXFrameworksBuildPhase section */

/* Begin PBXGroup section */
		8AD1198A1D9CB69E00E4B8F9 = {
			isa = PBXGroup;
			children = (
				8AD119951D9CB69E00E4B8F9 /* ContactsDemo */,
				8AD119AA1D9CB69E00E4B8F9 /* ContactsDemoTests */,
				8AD119B51D9CB69E00E4B8F9 /* ContactsDemoUITests */,
				8AD119941D9CB69E00E4B8F9 /* Products */,
			);
			sourceTree = "<group>";
		};
		8AD119941D9CB69E00E4B8F9 /* Products */ = {
			isa = PBXGroup;
			children = (
				8AD119931D9CB69E00E4B8F9 /* ContactsDemo.app */,
				8AD119A71D9CB69E00E4B8F9 /* ContactsDemoTests.xctest */,
				8AD119B21D9CB69E00E4B8F9 /* ContactsDemoUITests.xctest */,
			);
			name = Products;
			sourceTree = "<group>";
		};
		8AD119951D9CB69E00E4B8F9 /* ContactsDemo */ = {
			isa = PBXGroup;
			children = (
				8AD119961D9CB69E00E4B8F9 /* AppDelegate.swift */,
				8AD119981D9CB69E00E4B8F9 /* ViewController.swift */,
				8AD1199A1D9CB69E00E4B8F9 /* Main.storyboard */,
				8AD1199D1D9CB69E00E4B8F9 /* Assets.xcassets */,
				8AD1199F1D9CB69E00E4B8F9 /* LaunchScreen.storyboard */,
				8AD119A21D9CB69E00E4B8F9 /* Info.plist */,
			);
			path = ContactsDemo;
			sourceTree = "<group>";
		};
		8AD119AA1D9CB69E00E4B8F9 /* ContactsDemoTests */ = {
			isa = PBXGroup;
			children = (
				8AD119AB1D9CB69E00E4B8F9 /* ContactsDemoTests.swift */,
				8AD119AD1D9CB69E00E4B8F9 /* Info.plist */,
			);
			path = ContactsDemoTests;
			sourceTree = "<group>";
		};
		8AD119B51D9CB69E00E4B8F9 /* ContactsDemoUITests */ = {
			isa = PBXGroup;
			children = (
				8AD119B61D9CB69E00E4B8F9 /* ContactsDemoUITests.swift */,
				8AD119B81D9CB69E00E4B8F9 /* Info.plist */,
			);
			path = ContactsDemoUITests;
			sourceTree = "<group>";
		};
/* End PBXGroup section */

/* Begin PBXNativeTarget section */
		8AD119921D9CB69E00E4B8F9 /* ContactsDemo */ = {
			isa = PBXNativeTarget;
			buildConfigurationList = 8AD119BB1D9CB69E00E4B8F9 /* Build configuration list for PBXNativeTarget "ContactsDemo" */;
			buildPhases = (
				8AD1198F1D9CB69E00E4B8F9 /* Sources */,
				8AD119901D9CB69E00E4B8F9 /* Frameworks */,
				8AD119911D9CB69E00E4B8F9 /* Resources */,
			);
			buildRules = (
			);
			dependencies = (
			);
			name = ContactsDemo;
			productName = ContactsDemo;
			productReference = 8AD119931D9CB69E00E4B8F9 /* ContactsDemo.app */;
			productType = "com.apple.product-type.application";
		};
		8AD119A61D9CB69E00E4B8F9 /* ContactsDemoTests */ = {
			isa = PBXNativeTarget;
			buildConfigurationList = 8AD119BE1D9CB69E00E4B8F9 /* Build configuration list for PBXNativeTarget "ContactsDemoTests" */;
			buildPhases = (
				8AD119A31D9CB69E00E4B8F9 /* Sources */,
				8AD119A41D9CB69E00E4B8F9 /* Frameworks */,
				8AD119A51D9CB69E00E4B8F9 /* Resources */,
			);
			buildRules = (
			);
			dependencies = (
				8AD119A91D9CB69E00E4B8F9 /* PBXTargetDependency */,
			);
			name = ContactsDemoTests;
			productName = ContactsDemoTests;
			productReference = 8AD119A71D9CB69E00E4B8F9 /* ContactsDemoTests.xctest */;
			productType = "com.apple.product-type.bundle.unit-test";
		};
		8AD119B11D9CB69E00E4B8F9 /* ContactsDemoUITests */ = {
			isa = PBXNativeTarget;
			buildConfigurationList = 8AD119C11D9CB69E00E4B8F9 /* Build configuration list for PBXNativeTarget "ContactsDemoUITests" */;
			buildPhases = (
				8AD119AE1D9CB69E00E4B8F9 /* Sources */,
				8AD119AF1D9CB69E00E4B8F9 /* Frameworks */,
				8AD119B01D9CB69E00E4B8F9 /* Resources */,
			);
			buildRules = (
			);
			dependencies = (
				8AD119B41D9CB69E00E4B8F9 /* PBXTargetDependency */,
			);
			name = ContactsDemoUITests;
			productName = ContactsDemoUITests;
			productReference = 8AD119B21D9CB69E00E4B8F9 /* ContactsDemoUITests.xctest */;
			productType = "com.apple.product-type.bundle.ui-testing";
		};
/* End PBXNativeTarget section */

/* Begin PBXProject section */
		8AD1198B1D9CB69E00E4B8F9 /* Project object */ = {
			isa = PBXProject;
			attributes = {
				LastSwiftUpdateCheck = 0730;
				LastUpgradeCheck = 0730;
				ORGANIZATIONNAME = doriswu;
				TargetAttributes = {
					8AD119921D9CB69E00E4B8F9 = {
						CreatedOnToolsVersion = 7.3.1;
					};
					8AD119A61D9CB69E00E4B8F9 = {
						CreatedOnToolsVersion = 7.3.1;
						TestTargetID = 8AD119921D9CB69E00E4B8F9;
					};
					8AD119B11D9CB69E00E4B8F9 = {
						CreatedOnToolsVersion = 7.3.1;
						TestTargetID = 8AD119921D9CB69E00E4B8F9;
					};
				};
			};
			buildConfigurationList = 8AD1198E1D9CB69E00E4B8F9 /* Build configuration list for PBXProject "ContactsDemo" */;
			compatibilityVersion = "Xcode 3.2";
			developmentRegion = English;
			hasScannedForEncodings = 0;
			knownRegions = (
				en,
				Base,
			);
			mainGroup = 8AD1198A1D9CB69E00E4B8F9;
			productRefGroup = 8AD119941D9CB69E00E4B8F9 /* Products */;
			projectDirPath = "";
			projectRoot = "";
			targets = (
				8AD119921D9CB69E00E4B8F9 /* ContactsDemo */,
				8AD119A61D9CB69E00E4B8F9 /* ContactsDemoTests */,
				8AD119B11D9CB69E00E4B8F9 /* ContactsDemoUITests */,
			);
		};
/* End PBXProject section */

/* Begin PBXResourcesBuildPhase section */
		8AD119911D9CB69E00E4B8F9 /* Resources */ = {
			isa = PBXResourcesBuildPhase;
			buildActionMask = 2147483647;
			files = (
				8AD119A11D9CB69E00E4B8F9 /* LaunchScreen.storyboard in Resources */,
				8AD1199E1D9CB69E00E4B8F9 /* Assets.xcassets in Resources */,
				8AD1199C1D9CB69E00E4B8F9 /* Main.storyboard in Resources */,
			);
			runOnlyForDeploymentPostprocessing = 0;
		};
		8AD119A51D9CB69E00E4B8F9 /* Resources */ = {
			isa = PBXResourcesBuildPhase;
			buildActionMask = 2147483647;
			files = (
			);
			runOnlyForDeploymentPostprocessing = 0;
		};
		8AD119B01D9CB69E00E4B8F9 /* Resources */ = {
			isa = PBXResourcesBuildPhase;
			buildActionMask = 2147483647;
			files = (
			);
			runOnlyForDeploymentPostprocessing = 0;
		};
/* End PBXResourcesBuildPhase section */

/* Begin PBXSourcesBuildPhase section */
		8AD1198F1D9CB69E00E4B8F9 /* Sources */ = {
			isa = PBXSourcesBuildPhase;
			buildActionMask = 2147483647;
			files = (
				8AD119991D9CB69E00E4B8F9 /* ViewController.swift in Sources */,
				8AD119971D9CB69E00E4B8F9 /* AppDelegate.swift in Sources */,
			);
			runOnlyForDeploymentPostprocessing = 0;
		};
		8AD119A31D9CB69E00E4B8F9 /* Sources */ = {
			isa = PBXSourcesBuildPhase;
			buildActionMask = 2147483647;
			files = (
				8AD119AC1D9CB69E00E4B8F9 /* ContactsDemoTests.swift in Sources */,
			);
			runOnlyForDeploymentPostprocessing = 0;
		};
		8AD119AE1D9CB69E00E4B8F9 /* Sources */ = {
			isa = PBXSourcesBuildPhase;
			buildActionMask = 2147483647;
			files = (
				8AD119B71D9CB69E00E4B8F9 /* ContactsDemoUITests.swift in Sources */,
			);
			runOnlyForDeploymentPostprocessing = 0;
		};
/* End PBXSourcesBuildPhase section */

/* Begin PBXTargetDependency section */
		8AD119A91D9CB69E00E4B8F9 /* PBXTargetDependency */ = {
			isa = PBXTargetDependency;
			target = 8AD119921D9CB69E00E4B8F9 /* ContactsDemo */;
			targetProxy = 8AD119A81D9CB69E00E4B8F9 /* PBXContainerItemProxy */;
		};
		8AD119B41D9CB69E00E4B8F9 /* PBXTargetDependency */ = {
			isa = PBXTargetDependency;
			target = 8AD119921D9CB69E00E4B8F9 /* ContactsDemo */;
			targetProxy = 8AD119B31D9CB69E00E4B8F9 /* PBXContainerItemProxy */;
		};
/* End PBXTargetDependency section */

/* Begin PBXVariantGroup section */
		8AD1199A1D9CB69E00E4B8F9 /* Main.storyboard */ = {
			isa = PBXVariantGroup;
			children = (
				8AD1199B1D9CB69E00E4B8F9 /* Base */,
			);
			name = Main.storyboard;
			sourceTree = "<group>";
		};
		8AD1199F1D9CB69E00E4B8F9 /* LaunchScreen.storyboard */ = {
			isa = PBXVariantGroup;
			children = (
				8AD119A01D9CB69E00E4B8F9 /* Base */,
			);
			name = LaunchScreen.storyboard;
			sourceTree = "<group>";
		};
/* End PBXVariantGroup section */

/* Begin XCBuildConfiguration section */
		8AD119B91D9CB69E00E4B8F9 /* Debug */ = {
			isa = XCBuildConfiguration;
			buildSettings = {
				ALWAYS_SEARCH_USER_PATHS = NO;
				CLANG_ANALYZER_NONNULL = YES;
				CLANG_CXX_LANGUAGE_STANDARD = "gnu++0x";
				CLANG_CXX_LIBRARY = "libc++";
				CLANG_ENABLE_MODULES = YES;
				CLANG_ENABLE_OBJC_ARC = YES;
				CLANG_WARN_BOOL_CONVERSION = YES;
				CLANG_WARN_CONSTANT_CONVERSION = YES;
				CLANG_WARN_DIRECT_OBJC_ISA_USAGE = YES_ERROR;
				CLANG_WARN_EMPTY_BODY = YES;
				CLANG_WARN_ENUM_CONVERSION = YES;
				CLANG_WARN_INT_CONVERSION = YES;
				CLANG_WARN_OBJC_ROOT_CLASS = YES_ERROR;
				CLANG_WARN_UNREACHABLE_CODE = YES;
				CLANG_WARN__DUPLICATE_METHOD_MATCH = YES;
				"CODE_SIGN_IDENTITY[sdk=iphoneos*]" = "iPhone Developer";
				COPY_PHASE_STRIP = NO;
				DEBUG_INFORMATION_FORMAT = dwarf;
				ENABLE_STRICT_OBJC_MSGSEND = YES;
				ENABLE_TESTABILITY = YES;
				GCC_C_LANGUAGE_STANDARD = gnu99;
				GCC_DYNAMIC_NO_PIC = NO;
				GCC_NO_COMMON_BLOCKS = YES;
				GCC_OPTIMIZATION_LEVEL = 0;
				GCC_PREPROCESSOR_DEFINITIONS = (
					"DEBUG=1",
					"$(inherited)",
				);
				GCC_WARN_64_TO_32_BIT_CONVERSION = YES;
				GCC_WARN_ABOUT_RETURN_TYPE = YES_ERROR;
				GCC_WARN_UNDECLARED_SELECTOR = YES;
				GCC_WARN_UNINITIALIZED_AUTOS = YES_AGGRESSIVE;
				GCC_WARN_UNUSED_FUNCTION = YES;
				GCC_WARN_UNUSED_VARIABLE = YES;
				IPHONEOS_DEPLOYMENT_TARGET = 9.3;
				MTL_ENABLE_DEBUG_INFO = YES;
				ONLY_ACTIVE_ARCH = YES;
				SDKROOT = iphoneos;
				SWIFT_OPTIMIZATION_LEVEL = "-Onone";
			};
			name = Debug;
		};
		8AD119BA1D9CB69E00E4B8F9 /* Release */ = {
			isa = XCBuildConfiguration;
			buildSettings = {
				ALWAYS_SEARCH_USER_PATHS = NO;
				CLANG_ANALYZER_NONNULL = YES;
				CLANG_CXX_LANGUAGE_STANDARD = "gnu++0x";
				CLANG_CXX_LIBRARY = "libc++";
				CLANG_ENABLE_MODULES = YES;
				CLANG_ENABLE_OBJC_ARC = YES;
				CLANG_WARN_BOOL_CONVERSION = YES;
				CLANG_WARN_CONSTANT_CONVERSION = YES;
				CLANG_WARN_DIRECT_OBJC_ISA_USAGE = YES_ERROR;
				CLANG_WARN_EMPTY_BODY = YES;
				CLANG_WARN_ENUM_CONVERSION = YES;
				CLANG_WARN_INT_CONVERSION = YES;
				CLANG_WARN_OBJC_ROOT_CLASS = YES_ERROR;
				CLANG_WARN_UNREACHABLE_CODE = YES;
				CLANG_WARN__DUPLICATE_METHOD_MATCH = YES;
				"CODE_SIGN_IDENTITY[sdk=iphoneos*]" = "iPhone Developer";
				COPY_PHASE_STRIP = NO;
				DEBUG_INFORMATION_FORMAT = "dwarf-with-dsym";
				ENABLE_NS_ASSERTIONS = NO;
				ENABLE_STRICT_OBJC_MSGSEND = YES;
				GCC_C_LANGUAGE_STANDARD = gnu99;
				GCC_NO_COMMON_BLOCKS = YES;
				GCC_WARN_64_TO_32_BIT_CONVERSION = YES;
				GCC_WARN_ABOUT_RETURN_TYPE = YES_ERROR;
				GCC_WARN_UNDECLARED_SELECTOR = YES;
				GCC_WARN_UNINITIALIZED_AUTOS = YES_AGGRESSIVE;
				GCC_WARN_UNUSED_FUNCTION = YES;
				GCC_WARN_UNUSED_VARIABLE = YES;
				IPHONEOS_DEPLOYMENT_TARGET = 9.3;
				MTL_ENABLE_DEBUG_INFO = NO;
				SDKROOT = iphoneos;
				VALIDATE_PRODUCT = YES;
			};
			name = Release;
		};
		8AD119BC1D9CB69E00E4B8F9 /* Debug */ = {
			isa = XCBuildConfiguration;
			buildSettings = {
				ASSETCATALOG_COMPILER_APPICON_NAME = AppIcon;
				INFOPLIST_FILE = ContactsDemo/Info.plist;
				LD_RUNPATH_SEARCH_PATHS = "$(inherited) @executable_path/Frameworks";
				PRODUCT_BUNDLE_IDENTIFIER = doriswu.ContactsDemo;
				PRODUCT_NAME = "$(TARGET_NAME)";
			};
			name = Debug;
		};
		8AD119BD1D9CB69E00E4B8F9 /* Release */ = {
			isa = XCBuildConfiguration;
			buildSettings = {
				ASSETCATALOG_COMPILER_APPICON_NAME = AppIcon;
				INFOPLIST_FILE = ContactsDemo/Info.plist;
				LD_RUNPATH_SEARCH_PATHS = "$(inherited) @executable_path/Frameworks";
				PRODUCT_BUNDLE_IDENTIFIER = doriswu.ContactsDemo;
				PRODUCT_NAME = "$(TARGET_NAME)";
			};
			name = Release;
		};
		8AD119BF1D9CB69E00E4B8F9 /* Debug */ = {
			isa = XCBuildConfiguration;
			buildSettings = {
				BUNDLE_LOADER = "$(TEST_HOST)";
				INFOPLIST_FILE = ContactsDemoTests/Info.plist;
				LD_RUNPATH_SEARCH_PATHS = "$(inherited) @executable_path/Frameworks @loader_path/Frameworks";
				PRODUCT_BUNDLE_IDENTIFIER = doriswu.ContactsDemoTests;
				PRODUCT_NAME = "$(TARGET_NAME)";
				TEST_HOST = "$(BUILT_PRODUCTS_DIR)/ContactsDemo.app/ContactsDemo";
			};
			name = Debug;
		};
		8AD119C01D9CB69E00E4B8F9 /* Release */ = {
			isa = XCBuildConfiguration;
			buildSettings = {
				BUNDLE_LOADER = "$(TEST_HOST)";
				INFOPLIST_FILE = ContactsDemoTests/Info.plist;
				LD_RUNPATH_SEARCH_PATHS = "$(inherited) @executable_path/Frameworks @loader_path/Frameworks";
				PRODUCT_BUNDLE_IDENTIFIER = doriswu.ContactsDemoTests;
				PRODUCT_NAME = "$(TARGET_NAME)";
				TEST_HOST = "$(BUILT_PRODUCTS_DIR)/ContactsDemo.app/ContactsDemo";
			};
			name = Release;
		};
		8AD119C21D9CB69E00E4B8F9 /* Debug */ = {
			isa = XCBuildConfiguration;
			buildSettings = {
				INFOPLIST_FILE = ContactsDemoUITests/Info.plist;
				LD_RUNPATH_SEARCH_PATHS = "$(inherited) @executable_path/Frameworks @loader_path/Frameworks";
				PRODUCT_BUNDLE_IDENTIFIER = doriswu.ContactsDemoUITests;
				PRODUCT_NAME = "$(TARGET_NAME)";
				TEST_TARGET_NAME = ContactsDemo;
			};
			name = Debug;
		};
		8AD119C31D9CB69E00E4B8F9 /* Release */ = {
			isa = XCBuildConfiguration;
			buildSettings = {
				INFOPLIST_FILE = ContactsDemoUITests/Info.plist;
				LD_RUNPATH_SEARCH_PATHS = "$(inherited) @executable_path/Frameworks @loader_path/Frameworks";
				PRODUCT_BUNDLE_IDENTIFIER = doriswu.ContactsDemoUITests;
				PRODUCT_NAME = "$(TARGET_NAME)";
				TEST_TARGET_NAME = ContactsDemo;
			};
			name = Release;
		};
/* End XCBuildConfiguration section */

/* Begin XCConfigurationList section */
		8AD1198E1D9CB69E00E4B8F9 /* Build configuration list for PBXProject "ContactsDemo" */ = {
			isa = XCConfigurationList;
			buildConfigurations = (
				8AD119B91D9CB69E00E4B8F9 /* Debug */,
				8AD119BA1D9CB69E00E4B8F9 /* Release */,
			);
			defaultConfigurationIsVisible = 0;
			defaultConfigurationName = Release;
		};
		8AD119BB1D9CB69E00E4B8F9 /* Build configuration list for PBXNativeTarget "ContactsDemo" */ = {
			isa = XCConfigurationList;
			buildConfigurations = (
				8AD119BC1D9CB69E00E4B8F9 /* Debug */,
				8AD119BD1D9CB69E00E4B8F9 /* Release */,
			);
			defaultConfigurationIsVisible = 0;
		};
		8AD119BE1D9CB69E00E4B8F9 /* Build configuration list for PBXNativeTarget "ContactsDemoTests" */ = {
			isa = XCConfigurationList;
			buildConfigurations = (
				8AD119BF1D9CB69E00E4B8F9 /* Debug */,
				8AD119C01D9CB69E00E4B8F9 /* Release */,
			);
			defaultConfigurationIsVisible = 0;
		};
		8AD119C11D9CB69E00E4B8F9 /* Build configuration list for PBXNativeTarget "ContactsDemoUITests" */ = {
			isa = XCConfigurationList;
			buildConfigurations = (
				8AD119C21D9CB69E00E4B8F9 /* Debug */,
				8AD119C31D9CB69E00E4B8F9 /* Release */,
			);
			defaultConfigurationIsVisible = 0;
		};
/* End XCConfigurationList section */
	};
	rootObject = 8AD1198B1D9CB69E00E4B8F9 /* Project object */;
}
